
Microsoft Visual Studio Solution File, Format Version 12.00
Project("{2150E333-8FDC-42A3-9474-1A3956D46DE8}") = "Server", "Server", "{15D92985-993E-4381-9F18-C617AF83CC17}"
EndProject
Project("{FAE04EC0-301F-11D3-BF4B-00C04F79EFBC}") = "Entities", "Entities\Entities.csproj", "{39020133-A5BB-4D23-BF27-9F88D2AB369B}"
EndProject
Project("{FAE04EC0-301F-11D3-BF4B-00C04F79EFBC}") = "RepositoryContracts", "Server\RepositoryContracts\RepositoryContracts.csproj", "{8469D076-BFCC-4686-ABD2-2BA4EF8A91CF}"
EndProject
Project("{FAE04EC0-301F-11D3-BF4B-00C04F79EFBC}") = "CLI", "Server\CLI\CLI.csproj", "{DB5BED36-9205-43DA-9612-4E9A3349D0D5}"
EndProject
Project("{FAE04EC0-301F-11D3-BF4B-00C04F79EFBC}") = "FileRepositories", "Server\FileRepositories\FileRepositories.csproj", "{4183684C-AAF5-4879-92EA-A53B191D66A0}"
EndProject
Project("{FAE04EC0-301F-11D3-BF4B-00C04F79EFBC}") = "Enums", "Server\Enums\Enums.csproj", "{17FF5DE5-E615-4AF6-838D-95E94EFDE2AF}"
EndProject
Project("{2150E333-8FDC-42A3-9474-1A3956D46DE8}") = "Shared", "Shared", "{1F882F09-1105-4888-9C8A-2324C8AAF714}"
EndProject
Project("{FAE04EC0-301F-11D3-BF4B-00C04F79EFBC}") = "DTOs", "Server\Shared\DTOs\DTOs.csproj", "{18C78154-0A4C-49D2-9AD3-E259C84793D5}"
EndProject
Project("{FAE04EC0-301F-11D3-BF4B-00C04F79EFBC}") = "WebAPI", "Server\WebAPI\WebAPI.csproj", "{DBE4AE87-76A5-4C95-8267-6A64B36EDD1A}"
EndProject
Project("{FAE04EC0-301F-11D3-BF4B-00C04F79EFBC}") = "MiddleWare", "Server\MiddleWare\MiddleWare.csproj", "{9B6DCBF2-2463-44DF-8D7C-120BD08DD542}"
EndProject
Global
	GlobalSection(SolutionConfigurationPlatforms) = preSolution
		Debug|Any CPU = Debug|Any CPU
		Release|Any CPU = Release|Any CPU
	EndGlobalSection
	GlobalSection(NestedProjects) = preSolution
		{8469D076-BFCC-4686-ABD2-2BA4EF8A91CF} = {15D92985-993E-4381-9F18-C617AF83CC17}
		{4183684C-AAF5-4879-92EA-A53B191D66A0} = {15D92985-993E-4381-9F18-C617AF83CC17}
		{DB5BED36-9205-43DA-9612-4E9A3349D0D5} = {15D92985-993E-4381-9F18-C617AF83CC17}
		{39020133-A5BB-4D23-BF27-9F88D2AB369B} = {15D92985-993E-4381-9F18-C617AF83CC17}
		{17FF5DE5-E615-4AF6-838D-95E94EFDE2AF} = {15D92985-993E-4381-9F18-C617AF83CC17}
		{1F882F09-1105-4888-9C8A-2324C8AAF714} = {15D92985-993E-4381-9F18-C617AF83CC17}
		{18C78154-0A4C-49D2-9AD3-E259C84793D5} = {1F882F09-1105-4888-9C8A-2324C8AAF714}
		{DBE4AE87-76A5-4C95-8267-6A64B36EDD1A} = {15D92985-993E-4381-9F18-C617AF83CC17}
		{9B6DCBF2-2463-44DF-8D7C-120BD08DD542} = {15D92985-993E-4381-9F18-C617AF83CC17}
	EndGlobalSection
	GlobalSection(ProjectConfigurationPlatforms) = postSolution
		{39020133-A5BB-4D23-BF27-9F88D2AB369B}.Debug|Any CPU.ActiveCfg = Debug|Any CPU
		{39020133-A5BB-4D23-BF27-9F88D2AB369B}.Debug|Any CPU.Build.0 = Debug|Any CPU
		{39020133-A5BB-4D23-BF27-9F88D2AB369B}.Release|Any CPU.ActiveCfg = Release|Any CPU
		{39020133-A5BB-4D23-BF27-9F88D2AB369B}.Release|Any CPU.Build.0 = Release|Any CPU
		{8469D076-BFCC-4686-ABD2-2BA4EF8A91CF}.Debug|Any CPU.ActiveCfg = Debug|Any CPU
		{8469D076-BFCC-4686-ABD2-2BA4EF8A91CF}.Debug|Any CPU.Build.0 = Debug|Any CPU
		{8469D076-BFCC-4686-ABD2-2BA4EF8A91CF}.Release|Any CPU.ActiveCfg = Release|Any CPU
		{8469D076-BFCC-4686-ABD2-2BA4EF8A91CF}.Release|Any CPU.Build.0 = Release|Any CPU
		{DB5BED36-9205-43DA-9612-4E9A3349D0D5}.Debug|Any CPU.ActiveCfg = Debug|Any CPU
		{DB5BED36-9205-43DA-9612-4E9A3349D0D5}.Debug|Any CPU.Build.0 = Debug|Any CPU
		{DB5BED36-9205-43DA-9612-4E9A3349D0D5}.Release|Any CPU.ActiveCfg = Release|Any CPU
		{DB5BED36-9205-43DA-9612-4E9A3349D0D5}.Release|Any CPU.Build.0 = Release|Any CPU
		{4183684C-AAF5-4879-92EA-A53B191D66A0}.Debug|Any CPU.ActiveCfg = Debug|Any CPU
		{4183684C-AAF5-4879-92EA-A53B191D66A0}.Debug|Any CPU.Build.0 = Debug|Any CPU
		{4183684C-AAF5-4879-92EA-A53B191D66A0}.Release|Any CPU.ActiveCfg = Release|Any CPU
		{4183684C-AAF5-4879-92EA-A53B191D66A0}.Release|Any CPU.Build.0 = Release|Any CPU
		{17FF5DE5-E615-4AF6-838D-95E94EFDE2AF}.Debug|Any CPU.ActiveCfg = Debug|Any CPU
		{17FF5DE5-E615-4AF6-838D-95E94EFDE2AF}.Debug|Any CPU.Build.0 = Debug|Any CPU
		{17FF5DE5-E615-4AF6-838D-95E94EFDE2AF}.Release|Any CPU.ActiveCfg = Release|Any CPU
		{17FF5DE5-E615-4AF6-838D-95E94EFDE2AF}.Release|Any CPU.Build.0 = Release|Any CPU
		{18C78154-0A4C-49D2-9AD3-E259C84793D5}.Debug|Any CPU.ActiveCfg = Debug|Any CPU
		{18C78154-0A4C-49D2-9AD3-E259C84793D5}.Debug|Any CPU.Build.0 = Debug|Any CPU
		{18C78154-0A4C-49D2-9AD3-E259C84793D5}.Release|Any CPU.ActiveCfg = Release|Any CPU
		{18C78154-0A4C-49D2-9AD3-E259C84793D5}.Release|Any CPU.Build.0 = Release|Any CPU
		{DBE4AE87-76A5-4C95-8267-6A64B36EDD1A}.Debug|Any CPU.ActiveCfg = Debug|Any CPU
		{DBE4AE87-76A5-4C95-8267-6A64B36EDD1A}.Debug|Any CPU.Build.0 = Debug|Any CPU
		{DBE4AE87-76A5-4C95-8267-6A64B36EDD1A}.Release|Any CPU.ActiveCfg = Release|Any CPU
		{DBE4AE87-76A5-4C95-8267-6A64B36EDD1A}.Release|Any CPU.Build.0 = Release|Any CPU
		{9B6DCBF2-2463-44DF-8D7C-120BD08DD542}.Debug|Any CPU.ActiveCfg = Debug|Any CPU
		{9B6DCBF2-2463-44DF-8D7C-120BD08DD542}.Debug|Any CPU.Build.0 = Debug|Any CPU
		{9B6DCBF2-2463-44DF-8D7C-120BD08DD542}.Release|Any CPU.ActiveCfg = Release|Any CPU
		{9B6DCBF2-2463-44DF-8D7C-120BD08DD542}.Release|Any CPU.Build.0 = Release|Any CPU
	EndGlobalSection
EndGlobal
