
Microsoft Visual Studio Solution File, Format Version 12.00
Project("{2150E333-8FDC-42A3-9474-1A3956D46DE8}") = "Server", "Server", "{15D92985-993E-4381-9F18-C617AF83CC17}"
EndProject
Project("{FAE04EC0-301F-11D3-BF4B-00C04F79EFBC}") = "Entities", "Entities\Entities.csproj", "{39020133-A5BB-4D23-BF27-9F88D2AB369B}"
EndProject
Project("{FAE04EC0-301F-11D3-BF4B-00C04F79EFBC}") = "RepositoryContracts", "Server\RepositoryContracts\RepositoryContracts.csproj", "{8469D076-BFCC-4686-ABD2-2BA4EF8A91CF}"
EndProject
Project("{FAE04EC0-301F-11D3-BF4B-00C04F79EFBC}") = "InMemoryRepositories", "Server\InMemoryRepositories\InMemoryRepositories.csproj", "{2E84EB9F-13E9-4984-92F7-E63801BC098C}"
EndProject
Project("{FAE04EC0-301F-11D3-BF4B-00C04F79EFBC}") = "CLI", "Server\CLI\CLI.csproj", "{DB5BED36-9205-43DA-9612-4E9A3349D0D5}"
EndProject
Project("{FAE04EC0-301F-11D3-BF4B-00C04F79EFBC}") = "FileRepositories", "Server\FileRepositories\FileRepositories.csproj", "{4183684C-AAF5-4879-92EA-A53B191D66A0}"
EndProject
Global
	GlobalSection(SolutionConfigurationPlatforms) = preSolution
		Debug|Any CPU = Debug|Any CPU
		Release|Any CPU = Release|Any CPU
	EndGlobalSection
	GlobalSection(NestedProjects) = preSolution
		{39020133-A5BB-4D23-BF27-9F88D2AB369B} = {15D92985-993E-4381-9F18-C617AF83CC17}
		{2E84EB9F-13E9-4984-92F7-E63801BC098C} = {15D92985-993E-4381-9F18-C617AF83CC17}
		{8469D076-BFCC-4686-ABD2-2BA4EF8A91CF} = {15D92985-993E-4381-9F18-C617AF83CC17}
		{DB5BED36-9205-43DA-9612-4E9A3349D0D5} = {15D92985-993E-4381-9F18-C617AF83CC17}
		{4183684C-AAF5-4879-92EA-A53B191D66A0} = {15D92985-993E-4381-9F18-C617AF83CC17}
	EndGlobalSection
	GlobalSection(ProjectConfigurationPlatforms) = postSolution
		{39020133-A5BB-4D23-BF27-9F88D2AB369B}.Debug|Any CPU.ActiveCfg = Debug|Any CPU
		{39020133-A5BB-4D23-BF27-9F88D2AB369B}.Debug|Any CPU.Build.0 = Debug|Any CPU
		{39020133-A5BB-4D23-BF27-9F88D2AB369B}.Release|Any CPU.ActiveCfg = Release|Any CPU
		{39020133-A5BB-4D23-BF27-9F88D2AB369B}.Release|Any CPU.Build.0 = Release|Any CPU
		{8469D076-BFCC-4686-ABD2-2BA4EF8A91CF}.Debug|Any CPU.ActiveCfg = Debug|Any CPU
		{8469D076-BFCC-4686-ABD2-2BA4EF8A91CF}.Debug|Any CPU.Build.0 = Debug|Any CPU
		{8469D076-BFCC-4686-ABD2-2BA4EF8A91CF}.Release|Any CPU.ActiveCfg = Release|Any CPU
		{8469D076-BFCC-4686-ABD2-2BA4EF8A91CF}.Release|Any CPU.Build.0 = Release|Any CPU
		{2E84EB9F-13E9-4984-92F7-E63801BC098C}.Debug|Any CPU.ActiveCfg = Debug|Any CPU
		{2E84EB9F-13E9-4984-92F7-E63801BC098C}.Debug|Any CPU.Build.0 = Debug|Any CPU
		{2E84EB9F-13E9-4984-92F7-E63801BC098C}.Release|Any CPU.ActiveCfg = Release|Any CPU
		{2E84EB9F-13E9-4984-92F7-E63801BC098C}.Release|Any CPU.Build.0 = Release|Any CPU
		{DB5BED36-9205-43DA-9612-4E9A3349D0D5}.Debug|Any CPU.ActiveCfg = Debug|Any CPU
		{DB5BED36-9205-43DA-9612-4E9A3349D0D5}.Debug|Any CPU.Build.0 = Debug|Any CPU
		{DB5BED36-9205-43DA-9612-4E9A3349D0D5}.Release|Any CPU.ActiveCfg = Release|Any CPU
		{DB5BED36-9205-43DA-9612-4E9A3349D0D5}.Release|Any CPU.Build.0 = Release|Any CPU
		{4183684C-AAF5-4879-92EA-A53B191D66A0}.Debug|Any CPU.ActiveCfg = Debug|Any CPU
		{4183684C-AAF5-4879-92EA-A53B191D66A0}.Debug|Any CPU.Build.0 = Debug|Any CPU
		{4183684C-AAF5-4879-92EA-A53B191D66A0}.Release|Any CPU.ActiveCfg = Release|Any CPU
		{4183684C-AAF5-4879-92EA-A53B191D66A0}.Release|Any CPU.Build.0 = Release|Any CPU
	EndGlobalSection
EndGlobal
